
Microsoft Visual Studio Solution File, Format Version 12.00
# Visual Studio Version 17
VisualStudioVersion = 17.9.34607.119
MinimumVisualStudioVersion = 10.0.40219.1
Project("{9A19103F-16F7-4668-BE54-9A1E7A4F7556}") = "FileFormat.Cells", "FileFormat.Cells\FileFormat.Cells.csproj", "{347E8540-1317-4E99-BF8A-A16A04E753BB}"
EndProject
Project("{9A19103F-16F7-4668-BE54-9A1E7A4F7556}") = "FileFormat.Cells_Tests", "FileFormat.Cells_Tests\FileFormat.Cells_Tests.csproj", "{A9BFD275-A6CD-4CD7-B039-8CB29CDE5C93}"
EndProject
Global
	GlobalSection(SolutionConfigurationPlatforms) = preSolution
		Debug|Any CPU = Debug|Any CPU
		netcore3.1|Any CPU = netcore3.1|Any CPU
		Release|Any CPU = Release|Any CPU
	EndGlobalSection
	GlobalSection(ProjectConfigurationPlatforms) = postSolution
		{347E8540-1317-4E99-BF8A-A16A04E753BB}.Debug|Any CPU.ActiveCfg = Debug|Any CPU
		{347E8540-1317-4E99-BF8A-A16A04E753BB}.Debug|Any CPU.Build.0 = Debug|Any CPU
		{347E8540-1317-4E99-BF8A-A16A04E753BB}.netcore3.1|Any CPU.ActiveCfg = netcore3.1|Any CPU
		{347E8540-1317-4E99-BF8A-A16A04E753BB}.netcore3.1|Any CPU.Build.0 = netcore3.1|Any CPU
		{347E8540-1317-4E99-BF8A-A16A04E753BB}.Release|Any CPU.ActiveCfg = Release|Any CPU
		{347E8540-1317-4E99-BF8A-A16A04E753BB}.Release|Any CPU.Build.0 = Release|Any CPU
		{A9BFD275-A6CD-4CD7-B039-8CB29CDE5C93}.Debug|Any CPU.ActiveCfg = Debug|Any CPU
		{A9BFD275-A6CD-4CD7-B039-8CB29CDE5C93}.Debug|Any CPU.Build.0 = Debug|Any CPU
		{A9BFD275-A6CD-4CD7-B039-8CB29CDE5C93}.netcore3.1|Any CPU.ActiveCfg = netcore3.1|Any CPU
		{A9BFD275-A6CD-4CD7-B039-8CB29CDE5C93}.netcore3.1|Any CPU.Build.0 = netcore3.1|Any CPU
		{A9BFD275-A6CD-4CD7-B039-8CB29CDE5C93}.Release|Any CPU.ActiveCfg = Release|Any CPU
		{A9BFD275-A6CD-4CD7-B039-8CB29CDE5C93}.Release|Any CPU.Build.0 = Release|Any CPU
	EndGlobalSection
	GlobalSection(SolutionProperties) = preSolution
		HideSolutionNode = FALSE
	EndGlobalSection
	GlobalSection(ExtensibilityGlobals) = postSolution
		SolutionGuid = {F310ED74-49E9-4506-944B-CFAC0420672F}
	EndGlobalSection
EndGlobal
